
Microsoft Visual Studio Solution File, Format Version 12.00
# Visual Studio Version 17
VisualStudioVersion = 17.5.33516.290
MinimumVisualStudioVersion = 10.0.40219.1
Project("{FAE04EC0-301F-11D3-BF4B-00C04F79EFBC}") = "eTJSEstateAgents", "eTJSEstateAgents\eTJSEstateAgents.csproj", "{15B8A610-2DAB-4DBF-9834-AAD773CE6D39}"
EndProject
Global
	GlobalSection(SolutionConfigurationPlatforms) = preSolution
		Debug|Any CPU = Debug|Any CPU
		Release|Any CPU = Release|Any CPU
	EndGlobalSection
	GlobalSection(ProjectConfigurationPlatforms) = postSolution
		{15B8A610-2DAB-4DBF-9834-AAD773CE6D39}.Debug|Any CPU.ActiveCfg = Debug|Any CPU
		{15B8A610-2DAB-4DBF-9834-AAD773CE6D39}.Debug|Any CPU.Build.0 = Debug|Any CPU
		{15B8A610-2DAB-4DBF-9834-AAD773CE6D39}.Release|Any CPU.ActiveCfg = Release|Any CPU
		{15B8A610-2DAB-4DBF-9834-AAD773CE6D39}.Release|Any CPU.Build.0 = Release|Any CPU
	EndGlobalSection
	GlobalSection(SolutionProperties) = preSolution
		HideSolutionNode = FALSE
	EndGlobalSection
	GlobalSection(ExtensibilityGlobals) = postSolution
		SolutionGuid = {60A59F31-8372-43DD-A2F1-768D2CE1AA1A}
	EndGlobalSection
EndGlobal
